
Microsoft Visual Studio Solution File, Format Version 12.00
# Visual Studio Version 17
VisualStudioVersion = 17.14.36221.1
MinimumVisualStudioVersion = 10.0.40219.1
Project("{888888A0-9F3D-457C-B088-3A5042F75D52}") = "GlucoClock", "GlucoClock.pyproj", "{47939E40-6E48-44DC-8F79-7B5373E8F5CD}"
EndProject
Global
	GlobalSection(SolutionConfigurationPlatforms) = preSolution
		Debug|Any CPU = Debug|Any CPU
		Release|Any CPU = Release|Any CPU
	EndGlobalSection
	GlobalSection(ProjectConfigurationPlatforms) = postSolution
		{47939E40-6E48-44DC-8F79-7B5373E8F5CD}.Debug|Any CPU.ActiveCfg = Debug|Any CPU
		{47939E40-6E48-44DC-8F79-7B5373E8F5CD}.Release|Any CPU.ActiveCfg = Release|Any CPU
	EndGlobalSection
	GlobalSection(SolutionProperties) = preSolution
		HideSolutionNode = FALSE
	EndGlobalSection
	GlobalSection(ExtensibilityGlobals) = postSolution
		SolutionGuid = {8B65791A-0F9A-48CB-AF6B-F8124839D903}
	EndGlobalSection
EndGlobal
